
Microsoft Visual Studio Solution File, Format Version 12.00
# Visual Studio Version 17
VisualStudioVersion = 17.0.31903.59
MinimumVisualStudioVersion = 10.0.40219.1
Project("{FAE04EC0-301F-11D3-BF4B-00C04F79EFBC}") = "API", "API\API.csproj", "{2556DFB2-A254-471E-92CE-4A415E5244A6}"
EndProject
Project("{FAE04EC0-301F-11D3-BF4B-00C04F79EFBC}") = "Domain", "Domain\Domain.csproj", "{5D468F75-9D42-483B-AE7F-948E01C26F2A}"
EndProject
Project("{FAE04EC0-301F-11D3-BF4B-00C04F79EFBC}") = "Persistence", "Persistence\Persistence.csproj", "{3F47135F-0C5D-4880-921F-23A1E8F4D0F2}"
EndProject
Project("{FAE04EC0-301F-11D3-BF4B-00C04F79EFBC}") = "Application", "Application\Application.csproj", "{A7511119-36ED-416B-9088-B71A9E63E01E}"
EndProject
Global
	GlobalSection(SolutionConfigurationPlatforms) = preSolution
		Debug|Any CPU = Debug|Any CPU
		Release|Any CPU = Release|Any CPU
	EndGlobalSection
	GlobalSection(SolutionProperties) = preSolution
		HideSolutionNode = FALSE
	EndGlobalSection
	GlobalSection(ProjectConfigurationPlatforms) = postSolution
		{2556DFB2-A254-471E-92CE-4A415E5244A6}.Debug|Any CPU.ActiveCfg = Debug|Any CPU
		{2556DFB2-A254-471E-92CE-4A415E5244A6}.Debug|Any CPU.Build.0 = Debug|Any CPU
		{2556DFB2-A254-471E-92CE-4A415E5244A6}.Release|Any CPU.ActiveCfg = Release|Any CPU
		{2556DFB2-A254-471E-92CE-4A415E5244A6}.Release|Any CPU.Build.0 = Release|Any CPU
		{5D468F75-9D42-483B-AE7F-948E01C26F2A}.Debug|Any CPU.ActiveCfg = Debug|Any CPU
		{5D468F75-9D42-483B-AE7F-948E01C26F2A}.Debug|Any CPU.Build.0 = Debug|Any CPU
		{5D468F75-9D42-483B-AE7F-948E01C26F2A}.Release|Any CPU.ActiveCfg = Release|Any CPU
		{5D468F75-9D42-483B-AE7F-948E01C26F2A}.Release|Any CPU.Build.0 = Release|Any CPU
		{3F47135F-0C5D-4880-921F-23A1E8F4D0F2}.Debug|Any CPU.ActiveCfg = Debug|Any CPU
		{3F47135F-0C5D-4880-921F-23A1E8F4D0F2}.Debug|Any CPU.Build.0 = Debug|Any CPU
		{3F47135F-0C5D-4880-921F-23A1E8F4D0F2}.Release|Any CPU.ActiveCfg = Release|Any CPU
		{3F47135F-0C5D-4880-921F-23A1E8F4D0F2}.Release|Any CPU.Build.0 = Release|Any CPU
		{A7511119-36ED-416B-9088-B71A9E63E01E}.Debug|Any CPU.ActiveCfg = Debug|Any CPU
		{A7511119-36ED-416B-9088-B71A9E63E01E}.Debug|Any CPU.Build.0 = Debug|Any CPU
		{A7511119-36ED-416B-9088-B71A9E63E01E}.Release|Any CPU.ActiveCfg = Release|Any CPU
		{A7511119-36ED-416B-9088-B71A9E63E01E}.Release|Any CPU.Build.0 = Release|Any CPU
	EndGlobalSection
EndGlobal
